
Microsoft Visual Studio Solution File, Format Version 12.00
# Visual Studio Version 16
VisualStudioVersion = 16.0.30517.126
MinimumVisualStudioVersion = 10.0.40219.1
Project("{FAE04EC0-301F-11D3-BF4B-00C04F79EFBC}") = "PracticaGUI", "PracticaGUI.csproj", "{5DC48889-4C28-4872-95F1-756E980D2810}"
EndProject
Global
	GlobalSection(SolutionConfigurationPlatforms) = preSolution
		Debug|Any CPU = Debug|Any CPU
		Release|Any CPU = Release|Any CPU
	EndGlobalSection
	GlobalSection(ProjectConfigurationPlatforms) = postSolution
		{5DC48889-4C28-4872-95F1-756E980D2810}.Debug|Any CPU.ActiveCfg = Debug|Any CPU
		{5DC48889-4C28-4872-95F1-756E980D2810}.Debug|Any CPU.Build.0 = Debug|Any CPU
		{5DC48889-4C28-4872-95F1-756E980D2810}.Release|Any CPU.ActiveCfg = Release|Any CPU
		{5DC48889-4C28-4872-95F1-756E980D2810}.Release|Any CPU.Build.0 = Release|Any CPU
	EndGlobalSection
	GlobalSection(SolutionProperties) = preSolution
		HideSolutionNode = FALSE
	EndGlobalSection
	GlobalSection(ExtensibilityGlobals) = postSolution
		SolutionGuid = {5699F86A-917E-4460-9767-53EFEB68FB1D}
	EndGlobalSection
EndGlobal
